
Microsoft Visual Studio Solution File, Format Version 12.00
# Visual Studio Version 16
VisualStudioVersion = 16.0.33027.164
MinimumVisualStudioVersion = 10.0.40219.1
Project("{FAE04EC0-301F-11D3-BF4B-00C04F79EFBC}") = "WingtipToys", "WingtipToys.csproj", "{77F7DF11-DF07-4A9D-A4DA-6230713E12F4}"
EndProject
Global
	GlobalSection(SolutionConfigurationPlatforms) = preSolution
		Debug|Any CPU = Debug|Any CPU
		Release|Any CPU = Release|Any CPU
	EndGlobalSection
	GlobalSection(ProjectConfigurationPlatforms) = postSolution
		{77F7DF11-DF07-4A9D-A4DA-6230713E12F4}.Debug|Any CPU.ActiveCfg = Debug|Any CPU
		{77F7DF11-DF07-4A9D-A4DA-6230713E12F4}.Debug|Any CPU.Build.0 = Debug|Any CPU
		{77F7DF11-DF07-4A9D-A4DA-6230713E12F4}.Release|Any CPU.ActiveCfg = Release|Any CPU
		{77F7DF11-DF07-4A9D-A4DA-6230713E12F4}.Release|Any CPU.Build.0 = Release|Any CPU
	EndGlobalSection
	GlobalSection(SolutionProperties) = preSolution
		HideSolutionNode = FALSE
	EndGlobalSection
	GlobalSection(ExtensibilityGlobals) = postSolution
		SolutionGuid = {AEF22C45-36FE-4B90-B4A1-B783EA7D18A4}
	EndGlobalSection
EndGlobal
